
Microsoft Visual Studio Solution File, Format Version 11.00
# Visual Studio 2010
Project("{FAE04EC0-301F-11D3-BF4B-00C04F79EFBC}") = "Assembly-CSharp", "Assembly-CSharp.csproj", "{2b9112b9-30bd-8f40-8fc8-4c92b999c494}"
EndProject
Project("{FAE04EC0-301F-11D3-BF4B-00C04F79EFBC}") = "DOTween.Modules", "DOTween.Modules.csproj", "{662bbc75-dd4d-f4f6-be0d-8e2ff2d0e434}"
EndProject
Project("{FAE04EC0-301F-11D3-BF4B-00C04F79EFBC}") = "Assembly-CSharp-firstpass", "Assembly-CSharp-firstpass.csproj", "{dfac55dd-5985-3f16-5964-cec366bd0b4a}"
EndProject
Global
	GlobalSection(SolutionConfigurationPlatforms) = preSolution
		Debug|Any CPU = Debug|Any CPU
	EndGlobalSection
	GlobalSection(ProjectConfigurationPlatforms) = postSolution
		{2b9112b9-30bd-8f40-8fc8-4c92b999c494}.Debug|Any CPU.ActiveCfg = Debug|Any CPU
		{2b9112b9-30bd-8f40-8fc8-4c92b999c494}.Debug|Any CPU.Build.0 = Debug|Any CPU
		{662bbc75-dd4d-f4f6-be0d-8e2ff2d0e434}.Debug|Any CPU.ActiveCfg = Debug|Any CPU
		{662bbc75-dd4d-f4f6-be0d-8e2ff2d0e434}.Debug|Any CPU.Build.0 = Debug|Any CPU
		{dfac55dd-5985-3f16-5964-cec366bd0b4a}.Debug|Any CPU.ActiveCfg = Debug|Any CPU
		{dfac55dd-5985-3f16-5964-cec366bd0b4a}.Debug|Any CPU.Build.0 = Debug|Any CPU
	EndGlobalSection
	GlobalSection(SolutionProperties) = preSolution
		HideSolutionNode = FALSE
	EndGlobalSection
EndGlobal
